lockfileVersion: '9.0'

settings:
  autoInstallPeers: true
  excludeLinksFromLockfile: false

importers:

  .:
    dependencies:
      dotenv:
        specifier: ^18.0.4
        version: 18.0.4

packages:

  dotenv@18.0.4:
    resolution: {integrity: sha512-jGt9uI5BIxpVO15kvy+iEFqNAwxYClKWnkptLjSNPnFLC003Imd0ofr3aEVsbpHdSBdSsbcApNIlz4nbyGMwdA==}
    engines: {node: '>=12'}
    hasBin: true

snapshots:

  dotenv@18.0.4: {}
